{
  "requires": true,
  "lockfileVersion": 1,
  "dependencies": {
    "@fontsource/audiowide": {
      "version": "4.5.0",
      "resolved": "https://registry.npmjs.org/@fontsource/audiowide/-/audiowide-4.5.0.tgz",
      "integrity": "sha512-k2SlbqoUTAheK7riswZBJnArr7bjk+fjE63KpUuH6iU911yIMqHqO0oeF8odGXGcV+4Md/AxMUTIrE3fxFZeuA=="
    }
  }
}
